{
  "name": "com.agtech.padlock",
  "version": "2.2.0",
  "lockfileVersion": 1,
  "requires": true,
  "dependencies": {
    "balanced-match": {
      "version": "1.0.2",
      "resolved": "https://registry.npmjs.org/balanced-match/-/balanced-match-1.0.2.tgz",
      "integrity": "sha512-3oSeUO0TMV67hN1AmbXsK4yaqU7tjiHlbxRDZOpH0KW9+CeX4bRAaX0Anxt0tx2MrpRpWwQaPwIlISEJhYU5Pw=="
    },
    "base64-js": {
      "version": "0.0.8",
      "resolved": "https://registry.npmjs.org/base64-js/-/base64-js-0.0.8.tgz",
      "integrity": "sha512-3XSA2cR/h/73EzlXXdU6YNycmYI7+kicTxks4eJg2g39biHR84slg2+des+p7iHYhbRg/udIS4TD53WabcOUkw=="
    },
    "bplist-creator": {
      "version": "0.0.4",
      "resolved": "https://registry.npmjs.org/bplist-creator/-/bplist-creator-0.0.4.tgz",
      "integrity": "sha512-S6SjiqI9rOOcXGpinzdoW4gXri2IxiXdn3V5tfHTVWuGVxuU+SQK4Iwkjg7QzjRsT5on66oOVlgCDaqCYtZ11A==",
      "requires": {
        "stream-buffers": "~0.2.3"
      }
    },
    "bplist-parser": {
      "version": "0.0.6",
      "resolved": "https://registry.npmjs.org/bplist-parser/-/bplist-parser-0.0.6.tgz",
      "integrity": "sha512-fGeghPEH4Eytvf+Mi446aKcDqvkA/+eh6r7QGiZWMQG6TzqrnsToLP379XFfqRSZ41+676hhGIm++maNST1Apw=="
    },
    "brace-expansion": {
      "version": "1.1.18",
      "resolved": "https://registry.npmjs.org/brace-expansion/-/brace-expansion-1.1.18.tgz",
      "integrity": "sha512-Edep/X9fGqVNmzKBVsDYIOtD+z1tuezV70LBjdCst9Tqu76lsnvRiZ6oTic1n+/BIwX6QDGAO94PN4N2SADvtw==",
      "requires": {
        "balanced-match": "^1.0.0",
        "concat-map": "0.0.1"
      }
    },
    "colors": {
      "version": "1.4.0",
      "resolved": "https://registry.npmjs.org/colors/-/colors-1.4.0.tgz",
      "integrity": "sha512-a+UqTh4kgZg/SlGvfbzDHpgRu7AAQOmmqRHJnxhRZICKFUT91brVhNNt58CMWU9PsBbv3PDCZUHbVxuDiH2mtA=="
    },
    "concat-map": {
      "version": "0.0.1",
      "resolved": "https://registry.npmjs.org/concat-map/-/concat-map-0.0.1.tgz",
      "integrity": "sha512-/Srv4dswyQNBfohGpz9o6Yb3Gz3SrUDqBH5rTuhGR7ahtlbYKnVxw2bCFMRljaA7EXHaXZ8wsHdodFvbkhKmqg=="
    },
    "cordova-android": {
      "version": "6.4.0",
      "resolved": "https://registry.npmjs.org/cordova-android/-/cordova-android-6.4.0.tgz",
      "integrity": "sha512-B/UMkNnMbaPTe8d9ofaKkjYL5nb6lI/V3jnObCId7bsXi9UzUfmHwnrYsGaDmU+tMP7CM2tnP1PVvB03wS4gWQ==",
      "requires": {
        "android-versions": "^1.2.1",
        "cordova-common": "^2.1.0",
        "elementtree": "0.1.6",
        "nopt": "^3.0.1",
        "properties-parser": "^0.2.3",
        "q": "^1.4.1",
        "shelljs": "^0.5.3"
      },
      "dependencies": {
        "abbrev": {
          "version": "1.1.0",
          "bundled": true
        },
        "android-versions": {
          "version": "1.2.1",
          "bundled": true
        },
        "ansi": {
          "version": "0.3.1",
          "bundled": true
        },
        "balanced-match": {
          "version": "1.0.0",
          "bundled": true
        },
        "base64-js": {
          "version": "0.0.8",
          "bundled": true
        },
        "big-integer": {
          "version": "1.6.25",
          "bundled": true
        },
        "bplist-parser": {
          "version": "0.1.1",
          "bundled": true,
          "requires": {
            "big-integer": "^1.6.7"
          }
        },
        "brace-expansion": {
          "version": "1.1.8",
          "bundled": true,
          "requires": {
            "balanced-match": "^1.0.0",
            "concat-map": "0.0.1"
          }
        },
        "concat-map": {
          "version": "0.0.1",
          "bundled": true
        },
        "cordova-common": {
          "version": "2.1.0",
          "bundled": true,
          "requires": {
            "ansi": "^0.3.1",
            "bplist-parser": "^0.1.0",
            "cordova-registry-mapper": "^1.1.8",
            "elementtree": "0.1.6",
            "glob": "^5.0.13",
            "minimatch": "^3.0.0",
            "osenv": "^0.1.3",
            "plist": "^1.2.0",
            "q": "^1.4.1",
            "semver": "^5.0.1",
            "shelljs": "^0.5.3",
            "underscore": "^1.8.3",
            "unorm": "^1.3.3"
          }
        },
        "cordova-registry-mapper": {
          "version": "1.1.15",
          "bundled": true
        },
        "elementtree": {
          "version": "0.1.6",
          "bundled": true,
          "requires": {
            "sax": "0.3.5"
          }
        },
        "glob": {
          "version": "5.0.15",
          "bundled": true,
          "requires": {
            "inflight": "^1.0.4",
            "inherits": "2",
            "minimatch": "2 || 3",
            "once": "^1.3.0",
            "path-is-absolute": "^1.0.0"
          }
        },
        "inflight": {
          "version": "1.0.6",
          "bundled": true,
          "requires": {
            "once": "^1.3.0",
            "wrappy": "1"
          }
        },
        "inherits": {
          "version": "2.0.3",
          "bundled": true
        },
        "lodash": {
          "version": "3.10.1",
          "bundled": true
        },
        "minimatch": {
          "version": "3.0.4",
          "bundled": true,
          "requires": {
            "brace-expansion": "^1.1.7"
          }
        },
        "nopt": {
          "version": "3.0.6",
          "bundled": true,
          "requires": {
            "abbrev": "1"
          }
        },
        "once": {
          "version": "1.4.0",
          "bundled": true,
          "requires": {
            "wrappy": "1"
          }
        },
        "os-homedir": {
          "version": "1.0.2",
          "bundled": true
        },
        "os-tmpdir": {
          "version": "1.0.2",
          "bundled": true
        },
        "osenv": {
          "version": "0.1.4",
          "bundled": true,
          "requires": {
            "os-homedir": "^1.0.0",
            "os-tmpdir": "^1.0.0"
          }
        },
        "path-is-absolute": {
          "version": "1.0.1",
          "bundled": true
        },
        "plist": {
          "version": "1.2.0",
          "bundled": true,
          "requires": {
            "base64-js": "0.0.8",
            "util-deprecate": "1.0.2",
            "xmlbuilder": "4.0.0",
            "xmldom": "0.1.x"
          }
        },
        "properties-parser": {
          "version": "0.2.3",
          "bundled": true
        },
        "q": {
          "version": "1.5.0",
          "bundled": true
        },
        "sax": {
          "version": "0.3.5",
          "bundled": true
        },
        "semver": {
          "version": "5.4.1",
          "bundled": true
        },
        "shelljs": {
          "version": "0.5.3",
          "bundled": true
        },
        "underscore": {
          "version": "1.8.3",
          "bundled": true
        },
        "unorm": {
          "version": "1.4.1",
          "bundled": true
        },
        "util-deprecate": {
          "version": "1.0.2",
          "bundled": true
        },
        "wrappy": {
          "version": "1.0.2",
          "bundled": true
        },
        "xmlbuilder": {
          "version": "4.0.0",
          "bundled": true,
          "requires": {
            "lodash": "^3.5.0"
          }
        },
        "xmldom": {
          "version": "0.1.27",
          "bundled": true
        }
      }
    },
    "cordova-clipboard": {
      "version": "1.3.0",
      "resolved": "https://registry.npmjs.org/cordova-clipboard/-/cordova-clipboard-1.3.0.tgz",
      "integrity": "sha512-IGk4LZm/DJ0Xk/jgakHm4wa+A/lrRP3QfzMAHDG7oWLJS4ISOpfI32Wez4ndnENItRslGyBVyJyKD83CxELCAw=="
    },
    "cordova-custom-config": {
      "version": "4.0.2",
      "resolved": "https://registry.npmjs.org/cordova-custom-config/-/cordova-custom-config-4.0.2.tgz",
      "integrity": "sha512-RF88q9nBedsbxiC/9of/4WOqwPgw73z6SzXT5Pqb+EqIiWyj5Q6sAP73apbqyQtvNZP/6MI82ukg+I1GSZwz8A==",
      "requires": {
        "colors": "^1.1.2",
        "elementtree": "^0.1.6",
        "lodash": "^4.3.0",
        "plist": "^1.2.0",
        "shelljs": "^0.7.0",
        "tostr": "^0.1.0",
        "xcode": "^0.8.9"
      }
    },
    "cordova-ios": {
      "version": "4.5.5",
      "resolved": "https://registry.npmjs.org/cordova-ios/-/cordova-ios-4.5.5.tgz",
      "integrity": "sha512-3+30m2dZ2yii7kg+H7cgpdpkXpMj54zoX5imjGGG4Z7dPXKmalTLc/9rLq+Iaa+Q1BqyOrUFaHopWOODRU6vCg==",
      "requires": {
        "abbrev": "*",
        "ansi": "*",
        "balanced-match": "*",
        "base64-js": "1.2.0",
        "big-integer": "*",
        "bplist-creator": "*",
        "bplist-parser": "*",
        "brace-expansion": "*",
        "concat-map": "*",
        "cordova-common": "2.2.5",
        "cordova-registry-mapper": "*",
        "elementtree": "0.1.6",
        "glob": "5.0.15",
        "inflight": "*",
        "inherits": "*",
        "ios-sim": "6.1.3",
        "minimatch": "*",
        "nopt": "3.0.6",
        "once": "*",
        "path-is-absolute": "*",
        "plist": "2.1.0",
        "q": "1.5.1",
        "sax": "0.3.5",
        "shelljs": "0.5.3",
        "simctl": "*",
        "simple-plist": "0.2.1",
        "stream-buffers": "2.2.0",
        "tail": "0.4.0",
        "underscore": "*",
        "unorm": "*",
        "uuid": "3.0.1",
        "wrappy": "*",
        "xcode": "0.9.3",
        "xml-escape": "1.1.0",
        "xmlbuilder": "8.2.2",
        "xmldom": "*"
      },
      "dependencies": {
        "abbrev": {
          "version": "1.1.1",
          "bundled": true
        },
        "ansi": {
          "version": "0.3.1",
          "bundled": true
        },
        "balanced-match": {
          "version": "1.0.0",
          "bundled": true
        },
        "base64-js": {
          "version": "1.2.0",
          "bundled": true
        },
        "big-integer": {
          "version": "1.6.32",
          "bundled": true
        },
        "bplist-creator": {
          "version": "0.0.7",
          "bundled": true,
          "requires": {
            "stream-buffers": "~2.2.0"
          }
        },
        "bplist-parser": {
          "version": "0.1.1",
          "bundled": true,
          "requires": {
            "big-integer": "^1.6.7"
          }
        },
        "brace-expansion": {
          "version": "1.1.11",
          "bundled": true,
          "requires": {
            "balanced-match": "^1.0.0",
            "concat-map": "0.0.1"
          }
        },
        "concat-map": {
          "version": "0.0.1",
          "bundled": true
        },
        "cordova-common": {
          "version": "2.2.5",
          "bundled": true,
          "requires": {
            "ansi": "^0.3.1",
            "bplist-parser": "^0.1.0",
            "cordova-registry-mapper": "^1.1.8",
            "elementtree": "0.1.6",
            "glob": "^5.0.13",
            "minimatch": "^3.0.0",
            "plist": "^2.1.0",
            "q": "^1.4.1",
            "shelljs": "^0.5.3",
            "underscore": "^1.8.3",
            "unorm": "^1.3.3"
          }
        },
        "cordova-registry-mapper": {
          "version": "1.1.15",
          "bundled": true
        },
        "elementtree": {
          "version": "0.1.6",
          "bundled": true,
          "requires": {
            "sax": "0.3.5"
          }
        },
        "glob": {
          "version": "5.0.15",
          "bundled": true,
          "requires": {
            "inflight": "^1.0.4",
            "inherits": "2",
            "minimatch": "2 || 3",
            "once": "^1.3.0",
            "path-is-absolute": "^1.0.0"
          }
        },
        "inflight": {
          "version": "1.0.6",
          "bundled": true,
          "requires": {
            "once": "^1.3.0",
            "wrappy": "1"
          }
        },
        "inherits": {
          "version": "2.0.3",
          "bundled": true
        },
        "ios-sim": {
          "version": "6.1.3",
          "bundled": true,
          "requires": {
            "bplist-parser": "^0.0.6",
            "nopt": "1.0.9",
            "plist": "^2.1.0",
            "simctl": "^1.1.1"
          },
          "dependencies": {
            "bplist-parser": {
              "version": "0.0.6",
              "bundled": true
            },
            "nopt": {
              "version": "1.0.9",
              "bundled": true,
              "requires": {
                "abbrev": "1"
              }
            }
          }
        },
        "minimatch": {
          "version": "3.0.4",
          "bundled": true,
          "requires": {
            "brace-expansion": "^1.1.7"
          }
        },
        "nopt": {
          "version": "3.0.6",
          "bundled": true,
          "requires": {
            "abbrev": "1"
          }
        },
        "once": {
          "version": "1.4.0",
          "bundled": true,
          "requires": {
            "wrappy": "1"
          }
        },
        "path-is-absolute": {
          "version": "1.0.1",
          "bundled": true
        },
        "pegjs": {
          "version": "0.10.0",
          "resolved": "https://registry.npmjs.org/pegjs/-/pegjs-0.10.0.tgz",
          "integrity": "sha512-qI5+oFNEGi3L5HAxDwN2LA4Gg7irF70Zs25edhjld9QemOgp0CbvMtbFcMvFtEo1OityPrcCzkQFB8JP/hxgow=="
        },
        "plist": {
          "version": "2.1.0",
          "bundled": true,
          "requires": {
            "base64-js": "1.2.0",
            "xmlbuilder": "8.2.2",
            "xmldom": "0.1.x"
          }
        },
        "q": {
          "version": "1.5.1",
          "bundled": true
        },
        "sax": {
          "version": "0.3.5",
          "bundled": true
        },
        "shelljs": {
          "version": "0.5.3",
          "bundled": true
        },
        "simctl": {
          "version": "1.1.1",
          "bundled": true,
          "requires": {
            "shelljs": "^0.2.6",
            "tail": "^0.4.0"
          },
          "dependencies": {
            "shelljs": {
              "version": "0.2.6",
              "bundled": true
            }
          }
        },
        "simple-plist": {
          "version": "0.2.1",
          "bundled": true,
          "requires": {
            "bplist-creator": "0.0.7",
            "bplist-parser": "0.1.1",
            "plist": "2.0.1"
          },
          "dependencies": {
            "base64-js": {
              "version": "1.1.2",
              "bundled": true
            },
            "plist": {
              "version": "2.0.1",
              "bundled": true,
              "requires": {
                "base64-js": "1.1.2",
                "xmlbuilder": "8.2.2",
                "xmldom": "0.1.x"
              }
            }
          }
        },
        "stream-buffers": {
          "version": "2.2.0",
          "bundled": true
        },
        "tail": {
          "version": "0.4.0",
          "bundled": true
        },
        "underscore": {
          "version": "1.9.1",
          "bundled": true
        },
        "unorm": {
          "version": "1.4.1",
          "bundled": true
        },
        "uuid": {
          "version": "3.0.1",
          "bundled": true
        },
        "wrappy": {
          "version": "1.0.2",
          "bundled": true
        },
        "xcode": {
          "version": "0.9.3",
          "bundled": true,
          "requires": {
            "pegjs": "^0.10.0",
            "simple-plist": "^0.2.1",
            "uuid": "3.0.1"
          }
        },
        "xml-escape": {
          "version": "1.1.0",
          "bundled": true
        },
        "xmlbuilder": {
          "version": "8.2.2",
          "bundled": true
        },
        "xmldom": {
          "version": "0.1.27",
          "bundled": true
        }
      }
    },
    "cordova-plugin-app-version": {
      "version": "0.1.14",
      "resolved": "https://registry.npmjs.org/cordova-plugin-app-version/-/cordova-plugin-app-version-0.1.14.tgz",
      "integrity": "sha512-HN6Yz6IIdRO+iMvCHN/qMe8/O4miOpHH/pDtWNjIYTjV3MzP+XdzFJoFnq2zxlNNXFz0Zn8REGQhFY77vV4AWQ=="
    },
    "cordova-plugin-backbutton": {
      "version": "0.3.0",
      "resolved": "https://registry.npmjs.org/cordova-plugin-backbutton/-/cordova-plugin-backbutton-0.3.0.tgz",
      "integrity": "sha512-vPQQ8SZk2LcNP89sFVnZkFN3GChERSaxO1UlS2O+a86qUJZpzBgA+21C978wo/w43tk1+JDbzEw+PTIbYcex5w=="
    },
    "cordova-plugin-compat": {
      "version": "1.2.0",
      "resolved": "https://registry.npmjs.org/cordova-plugin-compat/-/cordova-plugin-compat-1.2.0.tgz",
      "integrity": "sha512-TYN/aPjuU845R+7l2vUxmLji3Y4Y1kJrvPvi+GlPQ+jTIsfiVSL//PMvKEr9SC7m6b7t0LUMoJN3Fng0s8giGQ=="
    },
    "cordova-plugin-crosswalk-webview": {
      "version": "2.4.0",
      "resolved": "https://registry.npmjs.org/cordova-plugin-crosswalk-webview/-/cordova-plugin-crosswalk-webview-2.4.0.tgz",
      "integrity": "sha512-XoUBv7RHvOWMKtI5mwSUzZDgStTaFfRlmZeC1cgicel6cX88IFMr+qqECix5V/xlutiLgEv34rxP4jR3Br19Cg=="
    },
    "cordova-plugin-customurlscheme": {
      "version": "4.2.0",
      "resolved": "https://registry.npmjs.org/cordova-plugin-customurlscheme/-/cordova-plugin-customurlscheme-4.2.0.tgz",
      "integrity": "sha512-UEsMpMVbZZ5cH+EZ8T4KXU2ZDKHHaLT06GoxwLa6ImUeibmiWqwli8GOswrzs42Al2VTI4Wajprj5rlaGPU9nw=="
    },
    "cordova-plugin-device": {
      "version": "1.1.7",
      "resolved": "https://registry.npmjs.org/cordova-plugin-device/-/cordova-plugin-device-1.1.7.tgz",
      "integrity": "sha512-zrdQGmO6kZVwuil4JKL+/dQTu8KYJKxAiFSF/cUddnsqrmcKYRSxbj1nsbzOS+aSEcXFKMWuOpNrIU33AoZ+3w=="
    },
    "cordova-plugin-file": {
      "version": "4.3.3",
      "resolved": "https://registry.npmjs.org/cordova-plugin-file/-/cordova-plugin-file-4.3.3.tgz",
      "integrity": "sha512-VrmBcB+oKHYill481tdXkTV+7pkzSyKmVs6EFd+DT0qjDnztDs/7Taz04Nol5cqzFShaS1dIXCHT5x5MGl8dxQ=="
    },
    "cordova-plugin-inappbrowser": {
      "version": "1.4.0",
      "resolved": "https://registry.npmjs.org/cordova-plugin-inappbrowser/-/cordova-plugin-inappbrowser-1.4.0.tgz",
      "integrity": "sha512-BpbNoVpH5+hacaLa38B1FXkc6+ZU7Z4gnB04+IVegb71NFkGB25NoMKO4iM7N3sgpvVYyFEPDoHmPdZPrzQ6tQ=="
    },
    "cordova-plugin-migrate-localstorage": {
      "version": "0.0.2",
      "resolved": "https://registry.npmjs.org/cordova-plugin-migrate-localstorage/-/cordova-plugin-migrate-localstorage-0.0.2.tgz",
      "integrity": "sha512-WYCuLzEhtTR6y3+IWhyRB88P4OUn1VMx8nCX/3rp0ZIZQGTlFESelWMtIkdPEQgWj8TKA6Gu7S1iYBS3aelzbQ=="
    },
    "cordova-plugin-pbkdf2": {
      "version": "0.2.0",
      "resolved": "https://registry.npmjs.org/cordova-plugin-pbkdf2/-/cordova-plugin-pbkdf2-0.2.0.tgz",
      "integrity": "sha512-QBd0BsInzxh4/vKojtEV2nqOlSO2Jy/AUTCI/uxBA2ZEndfkY856U5gheGybckv8CDR4XQc/edAEIfwUxZHaEg=="
    },
    "cordova-plugin-privacyscreen": {
      "version": "0.3.1",
      "resolved": "https://registry.npmjs.org/cordova-plugin-privacyscreen/-/cordova-plugin-privacyscreen-0.3.1.tgz",
      "integrity": "sha512-jSFda4Ga2w+n10upzUzmf3lASClueJBqgzIt9LHIz+2BBeLeAAWSDIFkr5qfyJyWOF6baV+cC/1xBRJfepe/Hg=="
    },
    "cordova-plugin-splashscreen": {
      "version": "4.1.0",
      "resolved": "https://registry.npmjs.org/cordova-plugin-splashscreen/-/cordova-plugin-splashscreen-4.1.0.tgz",
      "integrity": "sha512-5CvOSQ+Snto+TwxJ+OYdBG56RZYW/hOt58QKirBRSPKmYjOHc00xsNzNXNscnmPBf0AHXR8jjMSfHa9pzOUV6g=="
    },
    "cordova-plugin-statusbar": {
      "version": "2.1.3",
      "resolved": "https://registry.npmjs.org/cordova-plugin-statusbar/-/cordova-plugin-statusbar-2.1.3.tgz",
      "integrity": "sha512-WG82z+yaFe8W9ZzUSKhVccIn2aVYO3w9OSzDH81TlcXH0DVVn9QUQALPjgVBBfDC+UjwL+wkWJMrkSARhKoi3A=="
    },
    "cordova-plugin-whitelist": {
      "version": "1.2.2",
      "resolved": "https://registry.npmjs.org/cordova-plugin-whitelist/-/cordova-plugin-whitelist-1.2.2.tgz",
      "integrity": "sha512-nJE51+EZbSEDJ/BU7auubyCRnXsHaW62roF/4aWrbDRRAmrolZkv9uo8mex6Ad17DkinYixJ1Y2Kc+qx9uLxQA=="
    },
    "cordova-plugin-wkwebview-engine": {
      "version": "git+https://github.com/MaKleSoft/cordova-plugin-wkwebview-engine.git#380ac645386ba502e9d9e5e229c4eee44947e5fd",
      "from": "git+https://github.com/MaKleSoft/cordova-plugin-wkwebview-engine.git"
    },
    "elementtree": {
      "version": "0.1.7",
      "resolved": "https://registry.npmjs.org/elementtree/-/elementtree-0.1.7.tgz",
      "integrity": "sha512-wkgGT6kugeQk/P6VZ/f4T+4HB41BVgNBq5CDIZVbQ02nvTVqAiVTbskxxu3eA/X96lMlfYOwnLQpN2v5E1zDEg==",
      "requires": {
        "sax": "1.1.4"
      }
    },
    "es-errors": {
      "version": "1.3.0",
      "resolved": "https://registry.npmjs.org/es-errors/-/es-errors-1.3.0.tgz",
      "integrity": "sha512-Zf5H2Kxt2xjTvbJvP2ZWLEICxA6j+hAmMzIlypy4xcBg1vKVnx89Wy0GbS+kf5cwCVFFzdCFh2XSCFNULS6csw=="
    },
    "fs.realpath": {
      "version": "1.0.0",
      "resolved": "https://registry.npmjs.org/fs.realpath/-/fs.realpath-1.0.0.tgz",
      "integrity": "sha512-OO0pH2lK6a0hZnAdau5ItzHPI6pUlvI7jMVnxUQRtw4owF2wk8lOSabtGDCTP4Ggrg2MbGnWO9X8K1t4+fGMDw=="
    },
    "function-bind": {
      "version": "1.1.2",
      "resolved": "https://registry.npmjs.org/function-bind/-/function-bind-1.1.2.tgz",
      "integrity": "sha512-7XHNxH7qX9xG5mIwxkhumTox/MIRNcOgDrxWsMt2pAr23WHp6MrRlN7FBSFpCpr+oVO0F744iUgR82nJMfG2SA=="
    },
    "glob": {
      "version": "7.2.3",
      "resolved": "https://registry.npmjs.org/glob/-/glob-7.2.3.tgz",
      "integrity": "sha512-nFR0zLpU2YCaRxwoCJvL6UvCH2JFyFVIvwTLsIf21AuHlMskA1hhTdk+LlYJtOlYt9v6dvszD2BGRqBL+iQK9Q==",
      "requires": {
        "fs.realpath": "^1.0.0",
        "inflight": "^1.0.4",
        "inherits": "2",
        "minimatch": "^3.1.1",
        "once": "^1.3.0",
        "path-is-absolute": "^1.0.0"
      }
    },
    "hasown": {
      "version": "2.0.4",
      "resolved": "https://registry.npmjs.org/hasown/-/hasown-2.0.4.tgz",
      "integrity": "sha512-T2UbfbBEF32wiepXIsMlTW9+dDYC6wMh/t/vYA4tuOMKqWz/n3vr1NFSxQiyP+zk2mXsoMA/i/7qV6LKut1t1A==",
      "requires": {
        "function-bind": "^1.1.2"
      }
    },
    "inflight": {
      "version": "1.0.6",
      "resolved": "https://registry.npmjs.org/inflight/-/inflight-1.0.6.tgz",
      "integrity": "sha512-k92I/b08q4wvFscXCLvqfsHCrjrF7yiXsQuIVvVE7N82W3+aqpzuUdBbfhWcy/FZR3/4IgflMgKLOsvPDrGCJA==",
      "requires": {
        "once": "^1.3.0",
        "wrappy": "1"
      }
    },
    "inherits": {
      "version": "2.0.4",
      "resolved": "https://registry.npmjs.org/inherits/-/inherits-2.0.4.tgz",
      "integrity": "sha512-k/vGaX4/Yla3WzyMCvTQOXYeIHvqOKtnqBduzTHpzpQZzAskKMhZ2K+EnBiSM9zGSoIFeMpXKxa4dYeZIQqewQ=="
    },
    "interpret": {
      "version": "1.4.0",
      "resolved": "https://registry.npmjs.org/interpret/-/interpret-1.4.0.tgz",
      "integrity": "sha512-agE4QfB2Lkp9uICn7BAqoscw4SZP9kTE2hxiFI3jBPmXJfdqiahTbUuKGsMoN2GtqL9AxhYioAcVvgsb1HvRbA=="
    },
    "ionic-plugin-keyboard": {
      "version": "2.2.1",
      "resolved": "https://registry.npmjs.org/ionic-plugin-keyboard/-/ionic-plugin-keyboard-2.2.1.tgz",
      "integrity": "sha512-VB1+AoAgAy1tlDfRBI+MH4PRZNxbywPxxvzqdw8ZLho47e+rGJear/ONyOuufeb5RwqGIo0CM/+eLK2xcIWrdQ=="
    },
    "is-core-module": {
      "version": "2.16.2",
      "resolved": "https://registry.npmjs.org/is-core-module/-/is-core-module-2.16.2.tgz",
      "integrity": "sha512-evOr8xfXKxE6qSR0hSXL2r3sd7ALj8+7jQEUvPYcm5sgZFdJ+AYzT6yNmJenvIYQBgIGwfwz08sL8zoL7yq2BA==",
      "requires": {
        "hasown": "^2.0.3"
      }
    },
    "lodash": {
      "version": "4.18.1",
      "resolved": "https://registry.npmjs.org/lodash/-/lodash-4.18.1.tgz",
      "integrity": "sha512-dMInicTPVE8d1e5otfwmmjlxkZoUpiVLwyeTdUsi/Caj/gfzzblBcCE5sRHV/AsjuCmxWrte2TNGSYuCeCq+0Q=="
    },
    "minimatch": {
      "version": "3.1.5",
      "resolved": "https://registry.npmjs.org/minimatch/-/minimatch-3.1.5.tgz",
      "integrity": "sha512-VgjWUsnnT6n+NUk6eZq77zeFdpW2LWDzP6zFGrCbHXiYNul5Dzqk2HHQ5uFH2DNW5Xbp8+jVzaeNt94ssEEl4w==",
      "requires": {
        "brace-expansion": "^1.1.7"
      }
    },
    "node-uuid": {
      "version": "1.4.7",
      "resolved": "https://registry.npmjs.org/node-uuid/-/node-uuid-1.4.7.tgz",
      "integrity": "sha512-1ufwSb+P48JyWDskpICvUCAXNaIFcNeln/hhg6yViwOoJ6g26SfaFoYIuGu0grRUsxqeJkC2aq5wAxXo1bT/FA=="
    },
    "once": {
      "version": "1.4.0",
      "resolved": "https://registry.npmjs.org/once/-/once-1.4.0.tgz",
      "integrity": "sha512-lNaJgI+2Q5URQBkccEKHTQOPaXdUxnZZElQTZY0MFUAuaEqe1E+Nyvgdz/aIyNi6Z9MzO5dv1H8n58/GELp3+w==",
      "requires": {
        "wrappy": "1"
      }
    },
    "path-is-absolute": {
      "version": "1.0.1",
      "resolved": "https://registry.npmjs.org/path-is-absolute/-/path-is-absolute-1.0.1.tgz",
      "integrity": "sha512-AVbw3UJ2e9bq64vSaS9Am0fje1Pa8pbGqTTsmXfaIiMpnr5DlDhfJOuLj9Sf95ZPVDAUerDfEk88MPmPe7UCQg=="
    },
    "path-parse": {
      "version": "1.0.7",
      "resolved": "https://registry.npmjs.org/path-parse/-/path-parse-1.0.7.tgz",
      "integrity": "sha512-LDJzPVEEEPR+y48z93A0Ed0yXb8pAByGWo/k5YYdYgpY2/2EsOsksJrq7lOHxryrVOn1ejG6oAp8ahvOIQD8sw=="
    },
    "pegjs": {
      "version": "0.9.0",
      "resolved": "https://registry.npmjs.org/pegjs/-/pegjs-0.9.0.tgz",
      "integrity": "sha512-r8rulH2EvfG7vWrR7nSVRyqsDXWnq3xwW3hCMVEg3xRL0AfjpqfegkHK/WR258qC1wK/dQBn3NIu2RGetaERZg=="
    },
    "plist": {
      "version": "1.2.0",
      "resolved": "https://registry.npmjs.org/plist/-/plist-1.2.0.tgz",
      "integrity": "sha512-dL9Xc2Aj3YyBnwvCNuHmFl2LWvQacm/HEAsoVwLiuu0POboMChETt5wexpU1P6F6MnibIucXlVsMFFgNUT2IyA==",
      "requires": {
        "base64-js": "0.0.8",
        "util-deprecate": "1.0.2",
        "xmlbuilder": "4.0.0",
        "xmldom": "0.1.x"
      }
    },
    "rechoir": {
      "version": "0.6.2",
      "resolved": "https://registry.npmjs.org/rechoir/-/rechoir-0.6.2.tgz",
      "integrity": "sha512-HFM8rkZ+i3zrV+4LQjwQ0W+ez98pApMGM3HUrN04j3CqzPOzl9nmP15Y8YXNm8QHGv/eacOVEjqhmWpkRV0NAw==",
      "requires": {
        "resolve": "^1.1.6"
      }
    },
    "resolve": {
      "version": "1.22.12",
      "resolved": "https://registry.npmjs.org/resolve/-/resolve-1.22.12.tgz",
      "integrity": "sha512-TyeJ1zif53BPfHootBGwPRYT1RUt6oGWsaQr8UyZW/eAm9bKoijtvruSDEmZHm92CwS9nj7/fWttqPCgzep8CA==",
      "requires": {
        "es-errors": "^1.3.0",
        "is-core-module": "^2.16.1",
        "path-parse": "^1.0.7",
        "supports-preserve-symlinks-flag": "^1.0.0"
      }
    },
    "sax": {
      "version": "1.1.4",
      "resolved": "https://registry.npmjs.org/sax/-/sax-1.1.4.tgz",
      "integrity": "sha512-5f3k2PbGGp+YtKJjOItpg3P99IMD84E4HOvcfleTb5joCHNXYLsR9yWFPOYGgaeMPDubQILTCMdsFb2OMeOjtg=="
    },
    "shelljs": {
      "version": "0.7.8",
      "resolved": "https://registry.npmjs.org/shelljs/-/shelljs-0.7.8.tgz",
      "integrity": "sha512-/YF5Uk8hcwi7ima04ppkbA4RaRMdPMBfwAvAf8sufYOxsJRtbdoBsT8vGvlb+799BrlGdYrd+oczIA2eN2JdWA==",
      "requires": {
        "glob": "^7.0.0",
        "interpret": "^1.0.0",
        "rechoir": "^0.6.2"
      }
    },
    "simple-plist": {
      "version": "0.1.4",
      "resolved": "https://registry.npmjs.org/simple-plist/-/simple-plist-0.1.4.tgz",
      "integrity": "sha512-gxasjJtWMhV9pV0MInOar1WXXyV9p8G8h6BjdYrRz8t8dohWe6DyaRoYHm38VkX4wpdaoeo0qz1vlh3Gprrxxg==",
      "requires": {
        "bplist-creator": "0.0.4",
        "bplist-parser": "0.0.6",
        "plist": "1.2.0"
      }
    },
    "stream-buffers": {
      "version": "0.2.6",
      "resolved": "https://registry.npmjs.org/stream-buffers/-/stream-buffers-0.2.6.tgz",
      "integrity": "sha512-ZRpmWyuCdg0TtNKk8bEqvm13oQvXMmzXDsfD4cBgcx5LouborvU5pm3JMkdTP3HcszyUI08AM1dHMXA5r2g6Sg=="
    },
    "supports-preserve-symlinks-flag": {
      "version": "1.0.0",
      "resolved": "https://registry.npmjs.org/supports-preserve-symlinks-flag/-/supports-preserve-symlinks-flag-1.0.0.tgz",
      "integrity": "sha512-ot0WnXS9fgdkgIcePe6RHNk1WA8+muPa6cSjeR3V8K27q9BB1rTE3R1p7Hv0z1ZyAc8s6Vvv8DIyWf681MAt0w=="
    },
    "tostr": {
      "version": "0.1.0",
      "resolved": "https://registry.npmjs.org/tostr/-/tostr-0.1.0.tgz",
      "integrity": "sha512-1YTd+Ua5nVO+wQ5fkQxetxj2pdj6JuMeu2WJwO2Q3Daph1wUtkRwScFwkRDosUVUc/exuVCtCp35tm/oPmgkvg=="
    },
    "util-deprecate": {
      "version": "1.0.2",
      "resolved": "https://registry.npmjs.org/util-deprecate/-/util-deprecate-1.0.2.tgz",
      "integrity": "sha512-EPD5q1uXyFxJpCrLnCc1nHnq3gOa6DZBocAIiI2TaSCA7VCJ1UJDMagCzIkXNsUYfD1daK//LTEQ8xiIbrHtcw=="
    },
    "wrappy": {
      "version": "1.0.2",
      "resolved": "https://registry.npmjs.org/wrappy/-/wrappy-1.0.2.tgz",
      "integrity": "sha512-l4Sp/DRseor9wL6EvV2+TuQn63dMkPjZ/sp9XkghTEbV9KlPS1xUsZ3u7/IQO4wxtcFB4bgpQPRcR3QCvezPcQ=="
    },
    "xcode": {
      "version": "0.8.9",
      "resolved": "https://registry.npmjs.org/xcode/-/xcode-0.8.9.tgz",
      "integrity": "sha512-rVSKx9yIHGMvDCApRkYQgnF++fJvIbUyMRQiE5Bk/z03w9uKSO69D8/12rtQ3ltxHPbPTGQK2S2fTYBSk48jHQ==",
      "requires": {
        "node-uuid": "1.4.7",
        "pegjs": "0.9.0",
        "simple-plist": "0.1.4"
      }
    },
    "xmlbuilder": {
      "version": "4.0.0",
      "resolved": "https://registry.npmjs.org/xmlbuilder/-/xmlbuilder-4.0.0.tgz",
      "integrity": "sha512-wrG9gc6hCFDd5STt+6fsjP2aGSkjkNSewH+1K6s0KVOd94vXAUyTwlxWVnMFVtLdMf+q0QRZN1z9hTOKgoEdMg==",
      "requires": {
        "lodash": "^3.5.0"
      },
      "dependencies": {
        "lodash": {
          "version": "3.10.1",
          "resolved": "https://registry.npmjs.org/lodash/-/lodash-3.10.1.tgz",
          "integrity": "sha512-9mDDwqVIma6OZX79ZlDACZl8sBm0TEnkf99zV3iMA4GzkIT/9hiqP5mY0HoT1iNLCrKc/R1HByV+yJfRWVJryQ=="
        }
      }
    },
    "xmldom": {
      "version": "0.1.31",
      "resolved": "https://registry.npmjs.org/xmldom/-/xmldom-0.1.31.tgz",
      "integrity": "sha512-yS2uJflVQs6n+CyjHoaBmVSqIDevTAWrzMmjG1Gc7h1qQ7uVozNhEPJAwZXWyGQ/Gafo3fCwrcaokezLPupVyQ=="
    }
  }
}
